// !$*UTF8*$!
{
	archiveVersion = 1;
	classes = {
	};
	objectVersion = 46;
	objects = {

/* Begin PBXBuildFile section */
		3C0DC4F51B75691D0063EC8B /* RecordedAudio.swift in Sources */ = {isa = PBXBuildFile; fileRef = 3C0DC4F41B75691D0063EC8B /* RecordedAudio.swift */; };
		3C0DC4F61B75AE970063EC8B /* RecordedAudio.swift in Sources */ = {isa = PBXBuildFile; fileRef = 3C0DC4F41B75691D0063EC8B /* RecordedAudio.swift */; };
		3CFFE9761B73DBB6007FBD5B /* AppDelegate.swift in Sources */ = {isa = PBXBuildFile; fileRef = 3CFFE9751B73DBB6007FBD5B /* AppDelegate.swift */; };
		3CFFE9781B73DBB6007FBD5B /* RecordSoundsViewController.swift in Sources */ = {isa = PBXBuildFile; fileRef = 3CFFE9771B73DBB6007FBD5B /* RecordSoundsViewController.swift */; };
		3CFFE97B1B73DBB6007FBD5B /* Main.storyboard in Resources */ = {isa = PBXBuildFile; fileRef = 3CFFE9791B73DBB6007FBD5B /* Main.storyboard */; };
		3CFFE97D1B73DBB6007FBD5B /* Images.xcassets in Resources */ = {isa = PBXBuildFile; fileRef = 3CFFE97C1B73DBB6007FBD5B /* Images.xcassets */; };
		3CFFE9801B73DBB6007FBD5B /* LaunchScreen.xib in Resources */ = {isa = PBXBuildFile; fileRef = 3CFFE97E1B73DBB6007FBD5B /* LaunchScreen.xib */; };
		3CFFE98C1B73DBB6007FBD5B /* Pitch_PerfectTests.swift in Sources */ = {isa = PBXBuildFile; fileRef = 3CFFE98B1B73DBB6007FBD5B /* Pitch_PerfectTests.swift */; };
		3CFFE9961B7413D2007FBD5B /* PlaySoundsViewController.swift in Sources */ = {isa = PBXBuildFile; fileRef = 3CFFE9951B7413D2007FBD5B /* PlaySoundsViewController.swift */; };
		3CFFE9981B741743007FBD5B /* movie_quote.mp3 in Resources */ = {isa = PBXBuildFile; fileRef = 3CFFE9971B741743007FBD5B /* movie_quote.mp3 */; };
		3CFFE9991B742E6F007FBD5B /* PlaySoundsViewController.swift in Sources */ = {isa = PBXBuildFile; fileRef = 3CFFE9951B7413D2007FBD5B /* PlaySoundsViewController.swift */; };
/* End PBXBuildFile section */

/* Begin PBXContainerItemProxy section */
		3CFFE9861B73DBB6007FBD5B /* PBXContainerItemProxy */ = {
			isa = PBXContainerItemProxy;
			containerPortal = 3CFFE9681B73DBB5007FBD5B /* Project object */;
			proxyType = 1;
			remoteGlobalIDString = 3CFFE96F1B73DBB5007FBD5B;
			remoteInfo = "Pitch Perfect";
		};
/* End PBXContainerItemProxy section */

/* Begin PBXFileReference section */
		3C0DC4F41B75691D0063EC8B /* RecordedAudio.swift */ = {isa = PBXFileReference; fileEncoding = 4; lastKnownFileType = sourcecode.swift; path = RecordedAudio.swift; sourceTree = "<group>"; };
		3CFFE9701B73DBB6007FBD5B /* Pitch Perfect.app */ = {isa = PBXFileReference; explicitFileType = wrapper.application; includeInIndex = 0; path = "Pitch Perfect.app"; sourceTree = BUILT_PRODUCTS_DIR; };
		3CFFE9741B73DBB6007FBD5B /* Info.plist */ = {isa = PBXFileReference; lastKnownFileType = text.plist.xml; path = Info.plist; sourceTree = "<group>"; };
		3CFFE9751B73DBB6007FBD5B /* AppDelegate.swift */ = {isa = PBXFileReference; lastKnownFileType = sourcecode.swift; path = AppDelegate.swift; sourceTree = "<group>"; };
		3CFFE9771B73DBB6007FBD5B /* RecordSoundsViewController.swift */ = {isa = PBXFileReference; lastKnownFileType = sourcecode.swift; path = RecordSoundsViewController.swift; sourceTree = "<group>"; };
		3CFFE97A1B73DBB6007FBD5B /* Base */ = {isa = PBXFileReference; lastKnownFileType = file.storyboard; name = Base; path = Base.lproj/Main.storyboard; sourceTree = "<group>"; };
		3CFFE97C1B73DBB6007FBD5B /* Images.xcassets */ = {isa = PBXFileReference; lastKnownFileType = folder.assetcatalog; path = Images.xcassets; sourceTree = "<group>"; };
		3CFFE97F1B73DBB6007FBD5B /* Base */ = {isa = PBXFileReference; lastKnownFileType = file.xib; name = Base; path = Base.lproj/LaunchScreen.xib; sourceTree = "<group>"; };
		3CFFE9851B73DBB6007FBD5B /* Pitch PerfectTests.xctest */ = {isa = PBXFileReference; explicitFileType = wrapper.cfbundle; includeInIndex = 0; path = "Pitch PerfectTests.xctest"; sourceTree = BUILT_PRODUCTS_DIR; };
		3CFFE98A1B73DBB6007FBD5B /* Info.plist */ = {isa = PBXFileReference; lastKnownFileType = text.plist.xml; path = Info.plist; sourceTree = "<group>"; };
		3CFFE98B1B73DBB6007FBD5B /* Pitch_PerfectTests.swift */ = {isa = PBXFileReference; lastKnownFileType = sourcecode.swift; path = Pitch_PerfectTests.swift; sourceTree = "<group>"; };
		3CFFE9951B7413D2007FBD5B /* PlaySoundsViewController.swift */ = {isa = PBXFileReference; fileEncoding = 4; lastKnownFileType = sourcecode.swift; path = PlaySoundsViewController.swift; sourceTree = "<group>"; };
		3CFFE9971B741743007FBD5B /* movie_quote.mp3 */ = {isa = PBXFileReference; lastKnownFileType = audio.mp3; path = movie_quote.mp3; sourceTree = "<group>"; };
/* End PBXFileReference section */

/* Begin PBXFrameworksBuildPhase section */
		3CFFE96D1B73DBB5007FBD5B /* Frameworks */ = {
			isa = PBXFrameworksBuildPhase;
			buildActionMask = 2147483647;
			files = (
			);
			runOnlyForDeploymentPostprocessing = 0;
		};
		3CFFE9821B73DBB6007FBD5B /* Frameworks */ = {
			isa = PBXFrameworksBuildPhase;
			buildActionMask = 2147483647;
			files = (
			);
			runOnlyForDeploymentPostprocessing = 0;
		};
/* End PBXFrameworksBuildPhase section */

/* Begin PBXGroup section */
		3CFFE9671B73DBB5007FBD5B = {
			isa = PBXGroup;
			children = (
				3CFFE9721B73DBB6007FBD5B /* Pitch Perfect */,
				3CFFE9881B73DBB6007FBD5B /* Pitch PerfectTests */,
				3CFFE9711B73DBB6007FBD5B /* Products */,
			);
			sourceTree = "<group>";
		};
		3CFFE9711B73DBB6007FBD5B /* Products */ = {
			isa = PBXGroup;
			children = (
				3CFFE9701B73DBB6007FBD5B /* Pitch Perfect.app */,
				3CFFE9851B73DBB6007FBD5B /* Pitch PerfectTests.xctest */,
			);
			name = Products;
			sourceTree = "<group>";
		};
		3CFFE9721B73DBB6007FBD5B /* Pitch Perfect */ = {
			isa = PBXGroup;
			children = (
				3CFFE9751B73DBB6007FBD5B /* AppDelegate.swift */,
				3CFFE9771B73DBB6007FBD5B /* RecordSoundsViewController.swift */,
				3C0DC4F41B75691D0063EC8B /* RecordedAudio.swift */,
				3CFFE9791B73DBB6007FBD5B /* Main.storyboard */,
				3CFFE9951B7413D2007FBD5B /* PlaySoundsViewController.swift */,
				3CFFE97C1B73DBB6007FBD5B /* Images.xcassets */,
				3CFFE97E1B73DBB6007FBD5B /* LaunchScreen.xib */,
				3CFFE9731B73DBB6007FBD5B /* Supporting Files */,
			);
			path = "Pitch Perfect";
			sourceTree = "<group>";
		};
		3CFFE9731B73DBB6007FBD5B /* Supporting Files */ = {
			isa = PBXGroup;
			children = (
				3CFFE9741B73DBB6007FBD5B /* Info.plist */,
				3CFFE9971B741743007FBD5B /* movie_quote.mp3 */,
			);
			name = "Supporting Files";
			sourceTree = "<group>";
		};
		3CFFE9881B73DBB6007FBD5B /* Pitch PerfectTests */ = {
			isa = PBXGroup;
			children = (
				3CFFE98B1B73DBB6007FBD5B /* Pitch_PerfectTests.swift */,
				3CFFE9891B73DBB6007FBD5B /* Supporting Files */,
			);
			path = "Pitch PerfectTests";
			sourceTree = "<group>";
		};
		3CFFE9891B73DBB6007FBD5B /* Supporting Files */ = {
			isa = PBXGroup;
			children = (
				3CFFE98A1B73DBB6007FBD5B /* Info.plist */,
			);
			name = "Supporting Files";
			sourceTree = "<group>";
		};
/* End PBXGroup section */

/* Begin PBXNativeTarget section */
		3CFFE96F1B73DBB5007FBD5B /* Pitch Perfect */ = {
			isa = PBXNativeTarget;
			buildConfigurationList = 3CFFE98F1B73DBB6007FBD5B /* Build configuration list for PBXNativeTarget "Pitch Perfect" */;
			buildPhases = (
				3CFFE96C1B73DBB5007FBD5B /* Sources */,
				3CFFE96D1B73DBB5007FBD5B /* Frameworks */,
				3CFFE96E1B73DBB5007FBD5B /* Resources */,
			);
			buildRules = (
			);
			dependencies = (
			);
			name = "Pitch Perfect";
			productName = "Pitch Perfect";
			productReference = 3CFFE9701B73DBB6007FBD5B /* Pitch Perfect.app */;
			productType = "com.apple.product-type.application";
		};
		3CFFE9841B73DBB6007FBD5B /* Pitch PerfectTests */ = {
			isa = PBXNativeTarget;
			buildConfigurationList = 3CFFE9921B73DBB6007FBD5B /* Build configuration list for PBXNativeTarget "Pitch PerfectTests" */;
			buildPhases = (
				3CFFE9811B73DBB6007FBD5B /* Sources */,
				3CFFE9821B73DBB6007FBD5B /* Frameworks */,
				3CFFE9831B73DBB6007FBD5B /* Resources */,
			);
			buildRules = (
			);
			dependencies = (
				3CFFE9871B73DBB6007FBD5B /* PBXTargetDependency */,
			);
			name = "Pitch PerfectTests";
			productName = "Pitch PerfectTests";
			productReference = 3CFFE9851B73DBB6007FBD5B /* Pitch PerfectTests.xctest */;
			productType = "com.apple.product-type.bundle.unit-test";
		};
/* End PBXNativeTarget section */

/* Begin PBXProject section */
		3CFFE9681B73DBB5007FBD5B /* Project object */ = {
			isa = PBXProject;
			attributes = {
				LastSwiftMigration = 0720;
				LastSwiftUpdateCheck = 0720;
				LastUpgradeCheck = 0820;
				ORGANIZATIONNAME = "Manson Jones";
				TargetAttributes = {
					3CFFE96F1B73DBB5007FBD5B = {
						CreatedOnToolsVersion = 6.4;
						DevelopmentTeam = B23MDM8ZJF;
						LastSwiftMigration = 0810;
					};
					3CFFE9841B73DBB6007FBD5B = {
						CreatedOnToolsVersion = 6.4;
						LastSwiftMigration = 0810;
						TestTargetID = 3CFFE96F1B73DBB5007FBD5B;
					};
				};
			};
			buildConfigurationList = 3CFFE96B1B73DBB5007FBD5B /* Build configuration list for PBXProject "Pitch Perfect" */;
			compatibilityVersion = "Xcode 3.2";
			developmentRegion = English;
			hasScannedForEncodings = 0;
			knownRegions = (
				en,
				Base,
			);
			mainGroup = 3CFFE9671B73DBB5007FBD5B;
			productRefGroup = 3CFFE9711B73DBB6007FBD5B /* Products */;
			projectDirPath = "";
			projectRoot = "";
			targets = (
				3CFFE96F1B73DBB5007FBD5B /* Pitch Perfect */,
				3CFFE9841B73DBB6007FBD5B /* Pitch PerfectTests */,
			);
		};
/* End PBXProject section */

/* Begin PBXResourcesBuildPhase section */
		3CFFE96E1B73DBB5007FBD5B /* Resources */ = {
			isa = PBXResourcesBuildPhase;
			buildActionMask = 2147483647;
			files = (
				3CFFE97B1B73DBB6007FBD5B /* Main.storyboard in Resources */,
				3CFFE9801B73DBB6007FBD5B /* LaunchScreen.xib in Resources */,
				3CFFE9981B741743007FBD5B /* movie_quote.mp3 in Resources */,
				3CFFE97D1B73DBB6007FBD5B /* Images.xcassets in Resources */,
			);
			runOnlyForDeploymentPostprocessing = 0;
		};
		3CFFE9831B73DBB6007FBD5B /* Resources */ = {
			isa = PBXResourcesBuildPhase;
			buildActionMask = 2147483647;
			files = (
			);
			runOnlyForDeploymentPostprocessing = 0;
		};
/* End PBXResourcesBuildPhase section */

/* Begin PBXSourcesBuildPhase section */
		3CFFE96C1B73DBB5007FBD5B /* Sources */ = {
			isa = PBXSourcesBuildPhase;
			buildActionMask = 2147483647;
			files = (
				3CFFE9781B73DBB6007FBD5B /* RecordSoundsViewController.swift in Sources */,
				3CFFE9961B7413D2007FBD5B /* PlaySoundsViewController.swift in Sources */,
				3CFFE9761B73DBB6007FBD5B /* AppDelegate.swift in Sources */,
				3C0DC4F51B75691D0063EC8B /* RecordedAudio.swift in Sources */,
			);
			runOnlyForDeploymentPostprocessing = 0;
		};
		3CFFE9811B73DBB6007FBD5B /* Sources */ = {
			isa = PBXSourcesBuildPhase;
			buildActionMask = 2147483647;
			files = (
				3C0DC4F61B75AE970063EC8B /* RecordedAudio.swift in Sources */,
				3CFFE9991B742E6F007FBD5B /* PlaySoundsViewController.swift in Sources */,
				3CFFE98C1B73DBB6007FBD5B /* Pitch_PerfectTests.swift in Sources */,
			);
			runOnlyForDeploymentPostprocessing = 0;
		};
/* End PBXSourcesBuildPhase section */

/* Begin PBXTargetDependency section */
		3CFFE9871B73DBB6007FBD5B /* PBXTargetDependency */ = {
			isa = PBXTargetDependency;
			target = 3CFFE96F1B73DBB5007FBD5B /* Pitch Perfect */;
			targetProxy = 3CFFE9861B73DBB6007FBD5B /* PBXContainerItemProxy */;
		};
/* End PBXTargetDependency section */

/* Begin PBXVariantGroup section */
		3CFFE9791B73DBB6007FBD5B /* Main.storyboard */ = {
			isa = PBXVariantGroup;
			children = (
				3CFFE97A1B73DBB6007FBD5B /* Base */,
			);
			name = Main.storyboard;
			sourceTree = "<group>";
		};
		3CFFE97E1B73DBB6007FBD5B /* LaunchScreen.xib */ = {
			isa = PBXVariantGroup;
			children = (
				3CFFE97F1B73DBB6007FBD5B /* Base */,
			);
			name = LaunchScreen.xib;
			sourceTree = "<group>";
		};
/* End PBXVariantGroup section */

/* Begin XCBuildConfiguration section */
		3CFFE98D1B73DBB6007FBD5B /* Debug */ = {
			isa = XCBuildConfiguration;
			buildSettings = {
				ALWAYS_SEARCH_USER_PATHS = NO;
				CLANG_CXX_LANGUAGE_STANDARD = "gnu++0x";
				CLANG_CXX_LIBRARY = "libc++";
				CLANG_ENABLE_MODULES = YES;
				CLANG_ENABLE_OBJC_ARC = YES;
				CLANG_WARN_BOOL_CONVERSION = YES;
				CLANG_WARN_CONSTANT_CONVERSION = YES;
				CLANG_WARN_DIRECT_OBJC_ISA_USAGE = YES_ERROR;
				CLANG_WARN_EMPTY_BODY = YES;
				CLANG_WARN_ENUM_CONVERSION = YES;
				CLANG_WARN_INFINITE_RECURSION = YES;
				CLANG_WARN_INT_CONVERSION = YES;
				CLANG_WARN_OBJC_ROOT_CLASS = YES_ERROR;
				CLANG_WARN_SUSPICIOUS_MOVE = YES;
				CLANG_WARN_UNREACHABLE_CODE = YES;
				CLANG_WARN__DUPLICATE_METHOD_MATCH = YES;
				"CODE_SIGN_IDENTITY[sdk=iphoneos*]" = "iPhone Developer";
				COPY_PHASE_STRIP = NO;
				DEBUG_INFORMATION_FORMAT = "dwarf-with-dsym";
				ENABLE_STRICT_OBJC_MSGSEND = YES;
				ENABLE_TESTABILITY = YES;
				GCC_C_LANGUAGE_STANDARD = gnu99;
				GCC_DYNAMIC_NO_PIC = NO;
				GCC_NO_COMMON_BLOCKS = YES;
				GCC_OPTIMIZATION_LEVEL = 0;
				GCC_PREPROCESSOR_DEFINITIONS = (
					"DEBUG=1",
					"$(inherited)",
				);
				GCC_SYMBOLS_PRIVATE_EXTERN = NO;
				GCC_WARN_64_TO_32_BIT_CONVERSION = YES;
				GCC_WARN_ABOUT_RETURN_TYPE = YES_ERROR;
				GCC_WARN_UNDECLARED_SELECTOR = YES;
				GCC_WARN_UNINITIALIZED_AUTOS = YES_AGGRESSIVE;
				GCC_WARN_UNUSED_FUNCTION = YES;
				GCC_WARN_UNUSED_VARIABLE = YES;
				IPHONEOS_DEPLOYMENT_TARGET = 8.1;
				MTL_ENABLE_DEBUG_INFO = YES;
				ONLY_ACTIVE_ARCH = YES;
				SDKROOT = iphoneos;
				SWIFT_OPTIMIZATION_LEVEL = "-Onone";
			};
			name = Debug;
		};
		3CFFE98E1B73DBB6007FBD5B /* Release */ = {
			isa = XCBuildConfiguration;
			buildSettings = {
				ALWAYS_SEARCH_USER_PATHS = NO;
				CLANG_CXX_LANGUAGE_STANDARD = "gnu++0x";
				CLANG_CXX_LIBRARY = "libc++";
				CLANG_ENABLE_MODULES = YES;
				CLANG_ENABLE_OBJC_ARC = YES;
				CLANG_WARN_BOOL_CONVERSION = YES;
				CLANG_WARN_CONSTANT_CONVERSION = YES;
				CLANG_WARN_DIRECT_OBJC_ISA_USAGE = YES_ERROR;
				CLANG_WARN_EMPTY_BODY = YES;
				CLANG_WARN_ENUM_CONVERSION = YES;
				CLANG_WARN_INFINITE_RECURSION = YES;
				CLANG_WARN_INT_CONVERSION = YES;
				CLANG_WARN_OBJC_ROOT_CLASS = YES_ERROR;
				CLANG_WARN_SUSPICIOUS_MOVE = YES;
				CLANG_WARN_UNREACHABLE_CODE = YES;
				CLANG_WARN__DUPLICATE_METHOD_MATCH = YES;
				"CODE_SIGN_IDENTITY[sdk=iphoneos*]" = "iPhone Developer";
				COPY_PHASE_STRIP = NO;
				DEBUG_INFORMATION_FORMAT = "dwarf-with-dsym";
				ENABLE_NS_ASSERTIONS = NO;
				ENABLE_STRICT_OBJC_MSGSEND = YES;
				GCC_C_LANGUAGE_STANDARD = gnu99;
				GCC_NO_COMMON_BLOCKS = YES;
				GCC_WARN_64_TO_32_BIT_CONVERSION = YES;
				GCC_WARN_ABOUT_RETURN_TYPE = YES_ERROR;
				GCC_WARN_UNDECLARED_SELECTOR = YES;
				GCC_WARN_UNINITIALIZED_AUTOS = YES_AGGRESSIVE;
				GCC_WARN_UNUSED_FUNCTION = YES;
				GCC_WARN_UNUSED_VARIABLE = YES;
				IPHONEOS_DEPLOYMENT_TARGET = 8.1;
				MTL_ENABLE_DEBUG_INFO = NO;
				SDKROOT = iphoneos;
				SWIFT_OPTIMIZATION_LEVEL = "-Owholemodule";
				VALIDATE_PRODUCT = YES;
			};
			name = Release;
		};
		3CFFE9901B73DBB6007FBD5B /* Debug */ = {
			isa = XCBuildConfiguration;
			buildSettings = {
				ASSETCATALOG_COMPILER_APPICON_NAME = AppIcon;
				CODE_SIGN_IDENTITY = "iPhone Developer";
				"CODE_SIGN_IDENTITY[sdk=iphoneos*]" = "iPhone Developer";
				INFOPLIST_FILE = "Pitch Perfect/Info.plist";
				IPHONEOS_DEPLOYMENT_TARGET = 8.0;
				LD_RUNPATH_SEARCH_PATHS = "$(inherited) @executable_path/Frameworks";
				PRODUCT_BUNDLE_IDENTIFIER = "com.manson.project-v1.$(PRODUCT_NAME:rfc1034identifier)";
				PRODUCT_NAME = "$(TARGET_NAME)";
				PROVISIONING_PROFILE = "";
				SWIFT_VERSION = 3.0;
			};
			name = Debug;
		};
		3CFFE9911B73DBB6007FBD5B /* Release */ = {
			isa = XCBuildConfiguration;
			buildSettings = {
				ASSETCATALOG_COMPILER_APPICON_NAME = AppIcon;
				CODE_SIGN_IDENTITY = "iPhone Developer";
				"CODE_SIGN_IDENTITY[sdk=iphoneos*]" = "iPhone Developer";
				INFOPLIST_FILE = "Pitch Perfect/Info.plist";
				IPHONEOS_DEPLOYMENT_TARGET = 8.0;
				LD_RUNPATH_SEARCH_PATHS = "$(inherited) @executable_path/Frameworks";
				PRODUCT_BUNDLE_IDENTIFIER = "com.manson.project-v1.$(PRODUCT_NAME:rfc1034identifier)";
				PRODUCT_NAME = "$(TARGET_NAME)";
				PROVISIONING_PROFILE = "";
				SWIFT_VERSION = 3.0;
			};
			name = Release;
		};
		3CFFE9931B73DBB6007FBD5B /* Debug */ = {
			isa = XCBuildConfiguration;
			buildSettings = {
				BUNDLE_LOADER = "$(TEST_HOST)";
				FRAMEWORK_SEARCH_PATHS = (
					"$(SDKROOT)/Developer/Library/Frameworks",
					"$(inherited)",
				);
				GCC_PREPROCESSOR_DEFINITIONS = (
					"DEBUG=1",
					"$(inherited)",
				);
				INFOPLIST_FILE = "Pitch PerfectTests/Info.plist";
				LD_RUNPATH_SEARCH_PATHS = "$(inherited) @executable_path/Frameworks @loader_path/Frameworks";
				PRODUCT_BUNDLE_IDENTIFIER = "com.manson.project-v1.$(PRODUCT_NAME:rfc1034identifier)";
				PRODUCT_NAME = "$(TARGET_NAME)";
				SWIFT_VERSION = 3.0;
				TEST_HOST = "$(BUILT_PRODUCTS_DIR)/Pitch Perfect.app/Pitch Perfect";
			};
			name = Debug;
		};
		3CFFE9941B73DBB6007FBD5B /* Release */ = {
			isa = XCBuildConfiguration;
			buildSettings = {
				BUNDLE_LOADER = "$(TEST_HOST)";
				FRAMEWORK_SEARCH_PATHS = (
					"$(SDKROOT)/Developer/Library/Frameworks",
					"$(inherited)",
				);
				INFOPLIST_FILE = "Pitch PerfectTests/Info.plist";
				LD_RUNPATH_SEARCH_PATHS = "$(inherited) @executable_path/Frameworks @loader_path/Frameworks";
				PRODUCT_BUNDLE_IDENTIFIER = "com.manson.project-v1.$(PRODUCT_NAME:rfc1034identifier)";
				PRODUCT_NAME = "$(TARGET_NAME)";
				SWIFT_VERSION = 3.0;
				TEST_HOST = "$(BUILT_PRODUCTS_DIR)/Pitch Perfect.app/Pitch Perfect";
			};
			name = Release;
		};
/* End XCBuildConfiguration section */

/* Begin XCConfigurationList section */
		3CFFE96B1B73DBB5007FBD5B /* Build configuration list for PBXProject "Pitch Perfect" */ = {
			isa = XCConfigurationList;
			buildConfigurations = (
				3CFFE98D1B73DBB6007FBD5B /* Debug */,
				3CFFE98E1B73DBB6007FBD5B /* Release */,
			);
			defaultConfigurationIsVisible = 0;
			defaultConfigurationName = Release;
		};
		3CFFE98F1B73DBB6007FBD5B /* Build configuration list for PBXNativeTarget "Pitch Perfect" */ = {
			isa = XCConfigurationList;
			buildConfigurations = (
				3CFFE9901B73DBB6007FBD5B /* Debug */,
				3CFFE9911B73DBB6007FBD5B /* Release */,
			);
			defaultConfigurationIsVisible = 0;
			defaultConfigurationName = Release;
		};
		3CFFE9921B73DBB6007FBD5B /* Build configuration list for PBXNativeTarget "Pitch PerfectTests" */ = {
			isa = XCConfigurationList;
			buildConfigurations = (
				3CFFE9931B73DBB6007FBD5B /* Debug */,
				3CFFE9941B73DBB6007FBD5B /* Release */,
			);
			defaultConfigurationIsVisible = 0;
			defaultConfigurationName = Release;
		};
/* End XCConfigurationList section */
	};
	rootObject = 3CFFE9681B73DBB5007FBD5B /* Project object */;
}
